
Microsoft Visual Studio Solution File, Format Version 12.00
# Visual Studio Version 16
VisualStudioVersion = 16.0.30517.126
MinimumVisualStudioVersion = 10.0.40219.1
Project("{FAE04EC0-301F-11D3-BF4B-00C04F79EFBC}") = "NamedPipeRW", "NamedPipeRW\NamedPipeRW.csproj", "{D6CA7DCA-1D6E-42E2-AC0E-C7678550D638}"
EndProject
Global
	GlobalSection(SolutionConfigurationPlatforms) = preSolution
		Debug|Any CPU = Debug|Any CPU
		Release|Any CPU = Release|Any CPU
	EndGlobalSection
	GlobalSection(ProjectConfigurationPlatforms) = postSolution
		{D6CA7DCA-1D6E-42E2-AC0E-C7678550D638}.Debug|Any CPU.ActiveCfg = Debug|Any CPU
		{D6CA7DCA-1D6E-42E2-AC0E-C7678550D638}.Debug|Any CPU.Build.0 = Debug|Any CPU
		{D6CA7DCA-1D6E-42E2-AC0E-C7678550D638}.Release|Any CPU.ActiveCfg = Release|Any CPU
		{D6CA7DCA-1D6E-42E2-AC0E-C7678550D638}.Release|Any CPU.Build.0 = Release|Any CPU
	EndGlobalSection
	GlobalSection(SolutionProperties) = preSolution
		HideSolutionNode = FALSE
	EndGlobalSection
	GlobalSection(ExtensibilityGlobals) = postSolution
		SolutionGuid = {FF1AEE23-03D6-4FAE-A4B6-FA260461B72E}
	EndGlobalSection
EndGlobal
